// !$*UTF8*$!
{
	archiveVersion = 1;
	classes = {
	};
	objectVersion = 46;
	objects = {

/* Begin PBXBuildFile section */
		84226B7E17E9C074007A1F99 /* UIKit.framework in Frameworks */ = {isa = PBXBuildFile; fileRef = 84226B7D17E9C074007A1F99 /* UIKit.framework */; };
		84226B8017E9C074007A1F99 /* Foundation.framework in Frameworks */ = {isa = PBXBuildFile; fileRef = 84226B7F17E9C074007A1F99 /* Foundation.framework */; };
		84226B8217E9C074007A1F99 /* CoreGraphics.framework in Frameworks */ = {isa = PBXBuildFile; fileRef = 84226B8117E9C074007A1F99 /* CoreGraphics.framework */; };
		84226B8817E9C074007A1F99 /* InfoPlist.strings in Resources */ = {isa = PBXBuildFile; fileRef = 84226B8617E9C074007A1F99 /* InfoPlist.strings */; };
		84226B8A17E9C074007A1F99 /* main.m in Sources */ = {isa = PBXBuildFile; fileRef = 84226B8917E9C074007A1F99 /* main.m */; };
		84226B8E17E9C074007A1F99 /* AppDelegate.m in Sources */ = {isa = PBXBuildFile; fileRef = 84226B8D17E9C074007A1F99 /* AppDelegate.m */; };
		84226B9117E9C074007A1F99 /* MainStoryboard_iPhone.storyboard in Resources */ = {isa = PBXBuildFile; fileRef = 84226B8F17E9C074007A1F99 /* MainStoryboard_iPhone.storyboard */; };
		84226B9417E9C074007A1F99 /* MainStoryboard_iPad.storyboard in Resources */ = {isa = PBXBuildFile; fileRef = 84226B9217E9C074007A1F99 /* MainStoryboard_iPad.storyboard */; };
		84226B9717E9C074007A1F99 /* ViewController.m in Sources */ = {isa = PBXBuildFile; fileRef = 84226B9617E9C074007A1F99 /* ViewController.m */; };
		84226B9F17E9C075007A1F99 /* SenTestingKit.framework in Frameworks */ = {isa = PBXBuildFile; fileRef = 84226B9E17E9C075007A1F99 /* SenTestingKit.framework */; };
		84226BA017E9C075007A1F99 /* UIKit.framework in Frameworks */ = {isa = PBXBuildFile; fileRef = 84226B7D17E9C074007A1F99 /* UIKit.framework */; };
		84226BA117E9C075007A1F99 /* Foundation.framework in Frameworks */ = {isa = PBXBuildFile; fileRef = 84226B7F17E9C074007A1F99 /* Foundation.framework */; };
		84226BA917E9C075007A1F99 /* InfoPlist.strings in Resources */ = {isa = PBXBuildFile; fileRef = 84226BA717E9C075007A1F99 /* InfoPlist.strings */; };
		84226BAC17E9C075007A1F99 /* soundTests.m in Sources */ = {isa = PBXBuildFile; fileRef = 84226BAB17E9C075007A1F99 /* soundTests.m */; };
		84226BB617E9C09B007A1F99 /* AudioToolbox.framework in Frameworks */ = {isa = PBXBuildFile; fileRef = 84226BB517E9C09B007A1F99 /* AudioToolbox.framework */; };
		84226BB817E9C141007A1F99 /* music.mp3 in Resources */ = {isa = PBXBuildFile; fileRef = 84226BB717E9C141007A1F99 /* music.mp3 */; };
		84226BBA17E9C93F007A1F99 /* ahem.wav in Resources */ = {isa = PBXBuildFile; fileRef = 84226BB917E9C93F007A1F99 /* ahem.wav */; };
/* End PBXBuildFile section */

/* Begin PBXContainerItemProxy section */
		84226BA217E9C075007A1F99 /* PBXContainerItemProxy */ = {
			isa = PBXContainerItemProxy;
			containerPortal = 84226B7017E9C074007A1F99 /* Project object */;
			proxyType = 1;
			remoteGlobalIDString = 84226B7817E9C074007A1F99;
			remoteInfo = sound;
		};
/* End PBXContainerItemProxy section */

/* Begin PBXFileReference section */
		84226B7917E9C074007A1F99 /* sound.app */ = {isa = PBXFileReference; explicitFileType = wrapper.application; includeInIndex = 0; path = sound.app; sourceTree = BUILT_PRODUCTS_DIR; };
		84226B7D17E9C074007A1F99 /* UIKit.framework */ = {isa = PBXFileReference; lastKnownFileType = wrapper.framework; name = UIKit.framework; path = System/Library/Frameworks/UIKit.framework; sourceTree = SDKROOT; };
		84226B7F17E9C074007A1F99 /* Foundation.framework */ = {isa = PBXFileReference; lastKnownFileType = wrapper.framework; name = Foundation.framework; path = System/Library/Frameworks/Foundation.framework; sourceTree = SDKROOT; };
		84226B8117E9C074007A1F99 /* CoreGraphics.framework */ = {isa = PBXFileReference; lastKnownFileType = wrapper.framework; name = CoreGraphics.framework; path = System/Library/Frameworks/CoreGraphics.framework; sourceTree = SDKROOT; };
		84226B8517E9C074007A1F99 /* sound-Info.plist */ = {isa = PBXFileReference; lastKnownFileType = text.plist.xml; path = "sound-Info.plist"; sourceTree = "<group>"; };
		84226B8717E9C074007A1F99 /* en */ = {isa = PBXFileReference; lastKnownFileType = text.plist.strings; name = en; path = en.lproj/InfoPlist.strings; sourceTree = "<group>"; };
		84226B8917E9C074007A1F99 /* main.m */ = {isa = PBXFileReference; lastKnownFileType = sourcecode.c.objc; path = main.m; sourceTree = "<group>"; };
		84226B8B17E9C074007A1F99 /* sound-Prefix.pch */ = {isa = PBXFileReference; lastKnownFileType = sourcecode.c.h; path = "sound-Prefix.pch"; sourceTree = "<group>"; };
		84226B8C17E9C074007A1F99 /* AppDelegate.h */ = {isa = PBXFileReference; lastKnownFileType = sourcecode.c.h; path = AppDelegate.h; sourceTree = "<group>"; };
		84226B8D17E9C074007A1F99 /* AppDelegate.m */ = {isa = PBXFileReference; lastKnownFileType = sourcecode.c.objc; path = AppDelegate.m; sourceTree = "<group>"; };
		84226B9017E9C074007A1F99 /* en */ = {isa = PBXFileReference; lastKnownFileType = file.storyboard; name = en; path = en.lproj/MainStoryboard_iPhone.storyboard; sourceTree = "<group>"; };
		84226B9317E9C074007A1F99 /* en */ = {isa = PBXFileReference; lastKnownFileType = file.storyboard; name = en; path = en.lproj/MainStoryboard_iPad.storyboard; sourceTree = "<group>"; };
		84226B9517E9C074007A1F99 /* ViewController.h */ = {isa = PBXFileReference; lastKnownFileType = sourcecode.c.h; path = ViewController.h; sourceTree = "<group>"; };
		84226B9617E9C074007A1F99 /* ViewController.m */ = {isa = PBXFileReference; lastKnownFileType = sourcecode.c.objc; path = ViewController.m; sourceTree = "<group>"; };
		84226B9D17E9C075007A1F99 /* soundTests.octest */ = {isa = PBXFileReference; explicitFileType = wrapper.cfbundle; includeInIndex = 0; path = soundTests.octest; sourceTree = BUILT_PRODUCTS_DIR; };
		84226B9E17E9C075007A1F99 /* SenTestingKit.framework */ = {isa = PBXFileReference; lastKnownFileType = wrapper.framework; name = SenTestingKit.framework; path = Library/Frameworks/SenTestingKit.framework; sourceTree = DEVELOPER_DIR; };
		84226BA617E9C075007A1F99 /* soundTests-Info.plist */ = {isa = PBXFileReference; lastKnownFileType = text.plist.xml; path = "soundTests-Info.plist"; sourceTree = "<group>"; };
		84226BA817E9C075007A1F99 /* en */ = {isa = PBXFileReference; lastKnownFileType = text.plist.strings; name = en; path = en.lproj/InfoPlist.strings; sourceTree = "<group>"; };
		84226BAA17E9C075007A1F99 /* soundTests.h */ = {isa = PBXFileReference; lastKnownFileType = sourcecode.c.h; path = soundTests.h; sourceTree = "<group>"; };
		84226BAB17E9C075007A1F99 /* soundTests.m */ = {isa = PBXFileReference; lastKnownFileType = sourcecode.c.objc; path = soundTests.m; sourceTree = "<group>"; };
		84226BB517E9C09B007A1F99 /* AudioToolbox.framework */ = {isa = PBXFileReference; lastKnownFileType = wrapper.framework; name = AudioToolbox.framework; path = System/Library/Frameworks/AudioToolbox.framework; sourceTree = SDKROOT; };
		84226BB717E9C141007A1F99 /* music.mp3 */ = {isa = PBXFileReference; lastKnownFileType = audio.mp3; path = music.mp3; sourceTree = "<group>"; };
		84226BB917E9C93F007A1F99 /* ahem.wav */ = {isa = PBXFileReference; lastKnownFileType = audio.wav; path = ahem.wav; sourceTree = "<group>"; };
/* End PBXFileReference section */

/* Begin PBXFrameworksBuildPhase section */
		84226B7617E9C074007A1F99 /* Frameworks */ = {
			isa = PBXFrameworksBuildPhase;
			buildActionMask = 2147483647;
			files = (
				84226BB617E9C09B007A1F99 /* AudioToolbox.framework in Frameworks */,
				84226B7E17E9C074007A1F99 /* UIKit.framework in Frameworks */,
				84226B8017E9C074007A1F99 /* Foundation.framework in Frameworks */,
				84226B8217E9C074007A1F99 /* CoreGraphics.framework in Frameworks */,
			);
			runOnlyForDeploymentPostprocessing = 0;
		};
		84226B9917E9C074007A1F99 /* Frameworks */ = {
			isa = PBXFrameworksBuildPhase;
			buildActionMask = 2147483647;
			files = (
				84226B9F17E9C075007A1F99 /* SenTestingKit.framework in Frameworks */,
				84226BA017E9C075007A1F99 /* UIKit.framework in Frameworks */,
				84226BA117E9C075007A1F99 /* Foundation.framework in Frameworks */,
			);
			runOnlyForDeploymentPostprocessing = 0;
		};
/* End PBXFrameworksBuildPhase section */

/* Begin PBXGroup section */
		84226B6E17E9C074007A1F99 = {
			isa = PBXGroup;
			children = (
				84226B8317E9C074007A1F99 /* sound */,
				84226BA417E9C075007A1F99 /* soundTests */,
				84226B7C17E9C074007A1F99 /* Frameworks */,
				84226B7A17E9C074007A1F99 /* Products */,
			);
			sourceTree = "<group>";
		};
		84226B7A17E9C074007A1F99 /* Products */ = {
			isa = PBXGroup;
			children = (
				84226B7917E9C074007A1F99 /* sound.app */,
				84226B9D17E9C075007A1F99 /* soundTests.octest */,
			);
			name = Products;
			sourceTree = "<group>";
		};
		84226B7C17E9C074007A1F99 /* Frameworks */ = {
			isa = PBXGroup;
			children = (
				84226BB517E9C09B007A1F99 /* AudioToolbox.framework */,
				84226B7D17E9C074007A1F99 /* UIKit.framework */,
				84226B7F17E9C074007A1F99 /* Foundation.framework */,
				84226B8117E9C074007A1F99 /* CoreGraphics.framework */,
				84226B9E17E9C075007A1F99 /* SenTestingKit.framework */,
			);
			name = Frameworks;
			sourceTree = "<group>";
		};
		84226B8317E9C074007A1F99 /* sound */ = {
			isa = PBXGroup;
			children = (
				84226B8C17E9C074007A1F99 /* AppDelegate.h */,
				84226B8D17E9C074007A1F99 /* AppDelegate.m */,
				84226B8F17E9C074007A1F99 /* MainStoryboard_iPhone.storyboard */,
				84226B9217E9C074007A1F99 /* MainStoryboard_iPad.storyboard */,
				84226B9517E9C074007A1F99 /* ViewController.h */,
				84226B9617E9C074007A1F99 /* ViewController.m */,
				84226B8417E9C074007A1F99 /* Supporting Files */,
			);
			path = sound;
			sourceTree = "<group>";
		};
		84226B8417E9C074007A1F99 /* Supporting Files */ = {
			isa = PBXGroup;
			children = (
				84226BB917E9C93F007A1F99 /* ahem.wav */,
				84226BB717E9C141007A1F99 /* music.mp3 */,
				84226B8517E9C074007A1F99 /* sound-Info.plist */,
				84226B8617E9C074007A1F99 /* InfoPlist.strings */,
				84226B8917E9C074007A1F99 /* main.m */,
				84226B8B17E9C074007A1F99 /* sound-Prefix.pch */,
			);
			name = "Supporting Files";
			sourceTree = "<group>";
		};
		84226BA417E9C075007A1F99 /* soundTests */ = {
			isa = PBXGroup;
			children = (
				84226BAA17E9C075007A1F99 /* soundTests.h */,
				84226BAB17E9C075007A1F99 /* soundTests.m */,
				84226BA517E9C075007A1F99 /* Supporting Files */,
			);
			path = soundTests;
			sourceTree = "<group>";
		};
		84226BA517E9C075007A1F99 /* Supporting Files */ = {
			isa = PBXGroup;
			children = (
				84226BA617E9C075007A1F99 /* soundTests-Info.plist */,
				84226BA717E9C075007A1F99 /* InfoPlist.strings */,
			);
			name = "Supporting Files";
			sourceTree = "<group>";
		};
/* End PBXGroup section */

/* Begin PBXNativeTarget section */
		84226B7817E9C074007A1F99 /* sound */ = {
			isa = PBXNativeTarget;
			buildConfigurationList = 84226BAF17E9C075007A1F99 /* Build configuration list for PBXNativeTarget "sound" */;
			buildPhases = (
				84226B7517E9C074007A1F99 /* Sources */,
				84226B7617E9C074007A1F99 /* Frameworks */,
				84226B7717E9C074007A1F99 /* Resources */,
			);
			buildRules = (
			);
			dependencies = (
			);
			name = sound;
			productName = sound;
			productReference = 84226B7917E9C074007A1F99 /* sound.app */;
			productType = "com.apple.product-type.application";
		};
		84226B9C17E9C074007A1F99 /* soundTests */ = {
			isa = PBXNativeTarget;
			buildConfigurationList = 84226BB217E9C075007A1F99 /* Build configuration list for PBXNativeTarget "soundTests" */;
			buildPhases = (
				84226B9817E9C074007A1F99 /* Sources */,
				84226B9917E9C074007A1F99 /* Frameworks */,
				84226B9A17E9C074007A1F99 /* Resources */,
				84226B9B17E9C074007A1F99 /* ShellScript */,
			);
			buildRules = (
			);
			dependencies = (
				84226BA317E9C075007A1F99 /* PBXTargetDependency */,
			);
			name = soundTests;
			productName = soundTests;
			productReference = 84226B9D17E9C075007A1F99 /* soundTests.octest */;
			productType = "com.apple.product-type.bundle";
		};
/* End PBXNativeTarget section */

/* Begin PBXProject section */
		84226B7017E9C074007A1F99 /* Project object */ = {
			isa = PBXProject;
			attributes = {
				LastUpgradeCheck = 0420;
			};
			buildConfigurationList = 84226B7317E9C074007A1F99 /* Build configuration list for PBXProject "sound" */;
			compatibilityVersion = "Xcode 3.2";
			developmentRegion = English;
			hasScannedForEncodings = 0;
			knownRegions = (
				en,
			);
			mainGroup = 84226B6E17E9C074007A1F99;
			productRefGroup = 84226B7A17E9C074007A1F99 /* Products */;
			projectDirPath = "";
			projectRoot = "";
			targets = (
				84226B7817E9C074007A1F99 /* sound */,
				84226B9C17E9C074007A1F99 /* soundTests */,
			);
		};
/* End PBXProject section */

/* Begin PBXResourcesBuildPhase section */
		84226B7717E9C074007A1F99 /* Resources */ = {
			isa = PBXResourcesBuildPhase;
			buildActionMask = 2147483647;
			files = (
				84226B8817E9C074007A1F99 /* InfoPlist.strings in Resources */,
				84226B9117E9C074007A1F99 /* MainStoryboard_iPhone.storyboard in Resources */,
				84226B9417E9C074007A1F99 /* MainStoryboard_iPad.storyboard in Resources */,
				84226BB817E9C141007A1F99 /* music.mp3 in Resources */,
				84226BBA17E9C93F007A1F99 /* ahem.wav in Resources */,
			);
			runOnlyForDeploymentPostprocessing = 0;
		};
		84226B9A17E9C074007A1F99 /* Resources */ = {
			isa = PBXResourcesBuildPhase;
			buildActionMask = 2147483647;
			files = (
				84226BA917E9C075007A1F99 /* InfoPlist.strings in Resources */,
			);
			runOnlyForDeploymentPostprocessing = 0;
		};
/* End PBXResourcesBuildPhase section */

/* Begin PBXShellScriptBuildPhase section */
		84226B9B17E9C074007A1F99 /* ShellScript */ = {
			isa = PBXShellScriptBuildPhase;
			buildActionMask = 2147483647;
			files = (
			);
			inputPaths = (
			);
			outputPaths = (
			);
			runOnlyForDeploymentPostprocessing = 0;
			shellPath = /bin/sh;
			shellScript = "# Run the unit tests in this test bundle.\n\"${SYSTEM_DEVELOPER_DIR}/Tools/RunUnitTests\"\n";
		};
/* End PBXShellScriptBuildPhase section */

/* Begin PBXSourcesBuildPhase section */
		84226B7517E9C074007A1F99 /* Sources */ = {
			isa = PBXSourcesBuildPhase;
			buildActionMask = 2147483647;
			files = (
				84226B8A17E9C074007A1F99 /* main.m in Sources */,
				84226B8E17E9C074007A1F99 /* AppDelegate.m in Sources */,
				84226B9717E9C074007A1F99 /* ViewController.m in Sources */,
			);
			runOnlyForDeploymentPostprocessing = 0;
		};
		84226B9817E9C074007A1F99 /* Sources */ = {
			isa = PBXSourcesBuildPhase;
			buildActionMask = 2147483647;
			files = (
				84226BAC17E9C075007A1F99 /* soundTests.m in Sources */,
			);
			runOnlyForDeploymentPostprocessing = 0;
		};
/* End PBXSourcesBuildPhase section */

/* Begin PBXTargetDependency section */
		84226BA317E9C075007A1F99 /* PBXTargetDependency */ = {
			isa = PBXTargetDependency;
			target = 84226B7817E9C074007A1F99 /* sound */;
			targetProxy = 84226BA217E9C075007A1F99 /* PBXContainerItemProxy */;
		};
/* End PBXTargetDependency section */

/* Begin PBXVariantGroup section */
		84226B8617E9C074007A1F99 /* InfoPlist.strings */ = {
			isa = PBXVariantGroup;
			children = (
				84226B8717E9C074007A1F99 /* en */,
			);
			name = InfoPlist.strings;
			sourceTree = "<group>";
		};
		84226B8F17E9C074007A1F99 /* MainStoryboard_iPhone.storyboard */ = {
			isa = PBXVariantGroup;
			children = (
				84226B9017E9C074007A1F99 /* en */,
			);
			name = MainStoryboard_iPhone.storyboard;
			sourceTree = "<group>";
		};
		84226B9217E9C074007A1F99 /* MainStoryboard_iPad.storyboard */ = {
			isa = PBXVariantGroup;
			children = (
				84226B9317E9C074007A1F99 /* en */,
			);
			name = MainStoryboard_iPad.storyboard;
			sourceTree = "<group>";
		};
		84226BA717E9C075007A1F99 /* InfoPlist.strings */ = {
			isa = PBXVariantGroup;
			children = (
				84226BA817E9C075007A1F99 /* en */,
			);
			name = InfoPlist.strings;
			sourceTree = "<group>";
		};
/* End PBXVariantGroup section */

/* Begin XCBuildConfiguration section */
		84226BAD17E9C075007A1F99 /* Debug */ = {
			isa = XCBuildConfiguration;
			buildSettings = {
				ALWAYS_SEARCH_USER_PATHS = NO;
				ARCHS = "$(ARCHS_STANDARD_32_BIT)";
				CLANG_ENABLE_OBJC_ARC = YES;
				"CODE_SIGN_IDENTITY[sdk=iphoneos*]" = "iPhone Developer";
				COPY_PHASE_STRIP = NO;
				GCC_C_LANGUAGE_STANDARD = gnu99;
				GCC_DYNAMIC_NO_PIC = NO;
				GCC_OPTIMIZATION_LEVEL = 0;
				GCC_PREPROCESSOR_DEFINITIONS = (
					"DEBUG=1",
					"$(inherited)",
				);
				GCC_SYMBOLS_PRIVATE_EXTERN = NO;
				GCC_VERSION = com.apple.compilers.llvm.clang.1_0;
				GCC_WARN_ABOUT_MISSING_PROTOTYPES = YES;
				GCC_WARN_ABOUT_RETURN_TYPE = YES;
				GCC_WARN_UNUSED_VARIABLE = YES;
				IPHONEOS_DEPLOYMENT_TARGET = 5.0;
				SDKROOT = iphoneos;
				TARGETED_DEVICE_FAMILY = "1,2";
			};
			name = Debug;
		};
		84226BAE17E9C075007A1F99 /* Release */ = {
			isa = XCBuildConfiguration;
			buildSettings = {
				ALWAYS_SEARCH_USER_PATHS = NO;
				ARCHS = "$(ARCHS_STANDARD_32_BIT)";
				CLANG_ENABLE_OBJC_ARC = YES;
				"CODE_SIGN_IDENTITY[sdk=iphoneos*]" = "iPhone Developer";
				COPY_PHASE_STRIP = YES;
				GCC_C_LANGUAGE_STANDARD = gnu99;
				GCC_VERSION = com.apple.compilers.llvm.clang.1_0;
				GCC_WARN_ABOUT_MISSING_PROTOTYPES = YES;
				GCC_WARN_ABOUT_RETURN_TYPE = YES;
				GCC_WARN_UNUSED_VARIABLE = YES;
				IPHONEOS_DEPLOYMENT_TARGET = 5.0;
				OTHER_CFLAGS = "-DNS_BLOCK_ASSERTIONS=1";
				SDKROOT = iphoneos;
				TARGETED_DEVICE_FAMILY = "1,2";
				VALIDATE_PRODUCT = YES;
			};
			name = Release;
		};
		84226BB017E9C075007A1F99 /* Debug */ = {
			isa = XCBuildConfiguration;
			buildSettings = {
				GCC_PRECOMPILE_PREFIX_HEADER = YES;
				GCC_PREFIX_HEADER = "sound/sound-Prefix.pch";
				INFOPLIST_FILE = "sound/sound-Info.plist";
				PRODUCT_NAME = "$(TARGET_NAME)";
				WRAPPER_EXTENSION = app;
			};
			name = Debug;
		};
		84226BB117E9C075007A1F99 /* Release */ = {
			isa = XCBuildConfiguration;
			buildSettings = {
				GCC_PRECOMPILE_PREFIX_HEADER = YES;
				GCC_PREFIX_HEADER = "sound/sound-Prefix.pch";
				INFOPLIST_FILE = "sound/sound-Info.plist";
				PRODUCT_NAME = "$(TARGET_NAME)";
				WRAPPER_EXTENSION = app;
			};
			name = Release;
		};
		84226BB317E9C075007A1F99 /* Debug */ = {
			isa = XCBuildConfiguration;
			buildSettings = {
				BUNDLE_LOADER = "$(BUILT_PRODUCTS_DIR)/sound.app/sound";
				FRAMEWORK_SEARCH_PATHS = (
					"$(SDKROOT)/Developer/Library/Frameworks",
					"$(DEVELOPER_LIBRARY_DIR)/Frameworks",
				);
				GCC_PRECOMPILE_PREFIX_HEADER = YES;
				GCC_PREFIX_HEADER = "sound/sound-Prefix.pch";
				INFOPLIST_FILE = "soundTests/soundTests-Info.plist";
				PRODUCT_NAME = "$(TARGET_NAME)";
				TEST_HOST = "$(BUNDLE_LOADER)";
				WRAPPER_EXTENSION = octest;
			};
			name = Debug;
		};
		84226BB417E9C075007A1F99 /* Release */ = {
			isa = XCBuildConfiguration;
			buildSettings = {
				BUNDLE_LOADER = "$(BUILT_PRODUCTS_DIR)/sound.app/sound";
				FRAMEWORK_SEARCH_PATHS = (
					"$(SDKROOT)/Developer/Library/Frameworks",
					"$(DEVELOPER_LIBRARY_DIR)/Frameworks",
				);
				GCC_PRECOMPILE_PREFIX_HEADER = YES;
				GCC_PREFIX_HEADER = "sound/sound-Prefix.pch";
				INFOPLIST_FILE = "soundTests/soundTests-Info.plist";
				PRODUCT_NAME = "$(TARGET_NAME)";
				TEST_HOST = "$(BUNDLE_LOADER)";
				WRAPPER_EXTENSION = octest;
			};
			name = Release;
		};
/* End XCBuildConfiguration section */

/* Begin XCConfigurationList section */
		84226B7317E9C074007A1F99 /* Build configuration list for PBXProject "sound" */ = {
			isa = XCConfigurationList;
			buildConfigurations = (
				84226BAD17E9C075007A1F99 /* Debug */,
				84226BAE17E9C075007A1F99 /* Release */,
			);
			defaultConfigurationIsVisible = 0;
			defaultConfigurationName = Release;
		};
		84226BAF17E9C075007A1F99 /* Build configuration list for PBXNativeTarget "sound" */ = {
			isa = XCConfigurationList;
			buildConfigurations = (
				84226BB017E9C075007A1F99 /* Debug */,
				84226BB117E9C075007A1F99 /* Release */,
			);
			defaultConfigurationIsVisible = 0;
		};
		84226BB217E9C075007A1F99 /* Build configuration list for PBXNativeTarget "soundTests" */ = {
			isa = XCConfigurationList;
			buildConfigurations = (
				84226BB317E9C075007A1F99 /* Debug */,
				84226BB417E9C075007A1F99 /* Release */,
			);
			defaultConfigurationIsVisible = 0;
		};
/* End XCConfigurationList section */
	};
	rootObject = 84226B7017E9C074007A1F99 /* Project object */;
}
