// !$*UTF8*$!
{
	archiveVersion = 1;
	classes = {
	};
	objectVersion = 46;
	objects = {

/* Begin PBXBuildFile section */
		849D2DB917E2D126006FBEAF /* UIKit.framework in Frameworks */ = {isa = PBXBuildFile; fileRef = 849D2DB817E2D126006FBEAF /* UIKit.framework */; };
		849D2DBB17E2D126006FBEAF /* Foundation.framework in Frameworks */ = {isa = PBXBuildFile; fileRef = 849D2DBA17E2D126006FBEAF /* Foundation.framework */; };
		849D2DBD17E2D126006FBEAF /* CoreGraphics.framework in Frameworks */ = {isa = PBXBuildFile; fileRef = 849D2DBC17E2D126006FBEAF /* CoreGraphics.framework */; };
		849D2DC317E2D126006FBEAF /* InfoPlist.strings in Resources */ = {isa = PBXBuildFile; fileRef = 849D2DC117E2D126006FBEAF /* InfoPlist.strings */; };
		849D2DC517E2D126006FBEAF /* main.m in Sources */ = {isa = PBXBuildFile; fileRef = 849D2DC417E2D126006FBEAF /* main.m */; };
		849D2DC917E2D126006FBEAF /* AppDelegate.m in Sources */ = {isa = PBXBuildFile; fileRef = 849D2DC817E2D126006FBEAF /* AppDelegate.m */; };
		849D2DCC17E2D126006FBEAF /* MainStoryboard_iPhone.storyboard in Resources */ = {isa = PBXBuildFile; fileRef = 849D2DCA17E2D126006FBEAF /* MainStoryboard_iPhone.storyboard */; };
		849D2DCF17E2D126006FBEAF /* MainStoryboard_iPad.storyboard in Resources */ = {isa = PBXBuildFile; fileRef = 849D2DCD17E2D126006FBEAF /* MainStoryboard_iPad.storyboard */; };
		849D2DD217E2D126006FBEAF /* ViewController.m in Sources */ = {isa = PBXBuildFile; fileRef = 849D2DD117E2D126006FBEAF /* ViewController.m */; };
		849D2DDA17E2D127006FBEAF /* SenTestingKit.framework in Frameworks */ = {isa = PBXBuildFile; fileRef = 849D2DD917E2D127006FBEAF /* SenTestingKit.framework */; };
		849D2DDB17E2D127006FBEAF /* UIKit.framework in Frameworks */ = {isa = PBXBuildFile; fileRef = 849D2DB817E2D126006FBEAF /* UIKit.framework */; };
		849D2DDC17E2D127006FBEAF /* Foundation.framework in Frameworks */ = {isa = PBXBuildFile; fileRef = 849D2DBA17E2D126006FBEAF /* Foundation.framework */; };
		849D2DE417E2D127006FBEAF /* InfoPlist.strings in Resources */ = {isa = PBXBuildFile; fileRef = 849D2DE217E2D127006FBEAF /* InfoPlist.strings */; };
		849D2DE717E2D127006FBEAF /* results_saverTests.m in Sources */ = {isa = PBXBuildFile; fileRef = 849D2DE617E2D127006FBEAF /* results_saverTests.m */; };
/* End PBXBuildFile section */

/* Begin PBXContainerItemProxy section */
		849D2DDD17E2D127006FBEAF /* PBXContainerItemProxy */ = {
			isa = PBXContainerItemProxy;
			containerPortal = 849D2DAB17E2D126006FBEAF /* Project object */;
			proxyType = 1;
			remoteGlobalIDString = 849D2DB317E2D126006FBEAF;
			remoteInfo = results_saver;
		};
/* End PBXContainerItemProxy section */

/* Begin PBXFileReference section */
		849D2DB417E2D126006FBEAF /* results_saver.app */ = {isa = PBXFileReference; explicitFileType = wrapper.application; includeInIndex = 0; path = results_saver.app; sourceTree = BUILT_PRODUCTS_DIR; };
		849D2DB817E2D126006FBEAF /* UIKit.framework */ = {isa = PBXFileReference; lastKnownFileType = wrapper.framework; name = UIKit.framework; path = System/Library/Frameworks/UIKit.framework; sourceTree = SDKROOT; };
		849D2DBA17E2D126006FBEAF /* Foundation.framework */ = {isa = PBXFileReference; lastKnownFileType = wrapper.framework; name = Foundation.framework; path = System/Library/Frameworks/Foundation.framework; sourceTree = SDKROOT; };
		849D2DBC17E2D126006FBEAF /* CoreGraphics.framework */ = {isa = PBXFileReference; lastKnownFileType = wrapper.framework; name = CoreGraphics.framework; path = System/Library/Frameworks/CoreGraphics.framework; sourceTree = SDKROOT; };
		849D2DC017E2D126006FBEAF /* results_saver-Info.plist */ = {isa = PBXFileReference; lastKnownFileType = text.plist.xml; path = "results_saver-Info.plist"; sourceTree = "<group>"; };
		849D2DC217E2D126006FBEAF /* en */ = {isa = PBXFileReference; lastKnownFileType = text.plist.strings; name = en; path = en.lproj/InfoPlist.strings; sourceTree = "<group>"; };
		849D2DC417E2D126006FBEAF /* main.m */ = {isa = PBXFileReference; lastKnownFileType = sourcecode.c.objc; path = main.m; sourceTree = "<group>"; };
		849D2DC617E2D126006FBEAF /* results_saver-Prefix.pch */ = {isa = PBXFileReference; lastKnownFileType = sourcecode.c.h; path = "results_saver-Prefix.pch"; sourceTree = "<group>"; };
		849D2DC717E2D126006FBEAF /* AppDelegate.h */ = {isa = PBXFileReference; lastKnownFileType = sourcecode.c.h; path = AppDelegate.h; sourceTree = "<group>"; };
		849D2DC817E2D126006FBEAF /* AppDelegate.m */ = {isa = PBXFileReference; lastKnownFileType = sourcecode.c.objc; path = AppDelegate.m; sourceTree = "<group>"; };
		849D2DCB17E2D126006FBEAF /* en */ = {isa = PBXFileReference; lastKnownFileType = file.storyboard; name = en; path = en.lproj/MainStoryboard_iPhone.storyboard; sourceTree = "<group>"; };
		849D2DCE17E2D126006FBEAF /* en */ = {isa = PBXFileReference; lastKnownFileType = file.storyboard; name = en; path = en.lproj/MainStoryboard_iPad.storyboard; sourceTree = "<group>"; };
		849D2DD017E2D126006FBEAF /* ViewController.h */ = {isa = PBXFileReference; lastKnownFileType = sourcecode.c.h; path = ViewController.h; sourceTree = "<group>"; };
		849D2DD117E2D126006FBEAF /* ViewController.m */ = {isa = PBXFileReference; lastKnownFileType = sourcecode.c.objc; path = ViewController.m; sourceTree = "<group>"; };
		849D2DD817E2D127006FBEAF /* results_saverTests.octest */ = {isa = PBXFileReference; explicitFileType = wrapper.cfbundle; includeInIndex = 0; path = results_saverTests.octest; sourceTree = BUILT_PRODUCTS_DIR; };
		849D2DD917E2D127006FBEAF /* SenTestingKit.framework */ = {isa = PBXFileReference; lastKnownFileType = wrapper.framework; name = SenTestingKit.framework; path = Library/Frameworks/SenTestingKit.framework; sourceTree = DEVELOPER_DIR; };
		849D2DE117E2D127006FBEAF /* results_saverTests-Info.plist */ = {isa = PBXFileReference; lastKnownFileType = text.plist.xml; path = "results_saverTests-Info.plist"; sourceTree = "<group>"; };
		849D2DE317E2D127006FBEAF /* en */ = {isa = PBXFileReference; lastKnownFileType = text.plist.strings; name = en; path = en.lproj/InfoPlist.strings; sourceTree = "<group>"; };
		849D2DE517E2D127006FBEAF /* results_saverTests.h */ = {isa = PBXFileReference; lastKnownFileType = sourcecode.c.h; path = results_saverTests.h; sourceTree = "<group>"; };
		849D2DE617E2D127006FBEAF /* results_saverTests.m */ = {isa = PBXFileReference; lastKnownFileType = sourcecode.c.objc; path = results_saverTests.m; sourceTree = "<group>"; };
/* End PBXFileReference section */

/* Begin PBXFrameworksBuildPhase section */
		849D2DB117E2D126006FBEAF /* Frameworks */ = {
			isa = PBXFrameworksBuildPhase;
			buildActionMask = 2147483647;
			files = (
				849D2DB917E2D126006FBEAF /* UIKit.framework in Frameworks */,
				849D2DBB17E2D126006FBEAF /* Foundation.framework in Frameworks */,
				849D2DBD17E2D126006FBEAF /* CoreGraphics.framework in Frameworks */,
			);
			runOnlyForDeploymentPostprocessing = 0;
		};
		849D2DD417E2D127006FBEAF /* Frameworks */ = {
			isa = PBXFrameworksBuildPhase;
			buildActionMask = 2147483647;
			files = (
				849D2DDA17E2D127006FBEAF /* SenTestingKit.framework in Frameworks */,
				849D2DDB17E2D127006FBEAF /* UIKit.framework in Frameworks */,
				849D2DDC17E2D127006FBEAF /* Foundation.framework in Frameworks */,
			);
			runOnlyForDeploymentPostprocessing = 0;
		};
/* End PBXFrameworksBuildPhase section */

/* Begin PBXGroup section */
		849D2DA917E2D126006FBEAF = {
			isa = PBXGroup;
			children = (
				849D2DBE17E2D126006FBEAF /* results_saver */,
				849D2DDF17E2D127006FBEAF /* results_saverTests */,
				849D2DB717E2D126006FBEAF /* Frameworks */,
				849D2DB517E2D126006FBEAF /* Products */,
			);
			sourceTree = "<group>";
		};
		849D2DB517E2D126006FBEAF /* Products */ = {
			isa = PBXGroup;
			children = (
				849D2DB417E2D126006FBEAF /* results_saver.app */,
				849D2DD817E2D127006FBEAF /* results_saverTests.octest */,
			);
			name = Products;
			sourceTree = "<group>";
		};
		849D2DB717E2D126006FBEAF /* Frameworks */ = {
			isa = PBXGroup;
			children = (
				849D2DB817E2D126006FBEAF /* UIKit.framework */,
				849D2DBA17E2D126006FBEAF /* Foundation.framework */,
				849D2DBC17E2D126006FBEAF /* CoreGraphics.framework */,
				849D2DD917E2D127006FBEAF /* SenTestingKit.framework */,
			);
			name = Frameworks;
			sourceTree = "<group>";
		};
		849D2DBE17E2D126006FBEAF /* results_saver */ = {
			isa = PBXGroup;
			children = (
				849D2DC717E2D126006FBEAF /* AppDelegate.h */,
				849D2DC817E2D126006FBEAF /* AppDelegate.m */,
				849D2DCA17E2D126006FBEAF /* MainStoryboard_iPhone.storyboard */,
				849D2DCD17E2D126006FBEAF /* MainStoryboard_iPad.storyboard */,
				849D2DD017E2D126006FBEAF /* ViewController.h */,
				849D2DD117E2D126006FBEAF /* ViewController.m */,
				849D2DBF17E2D126006FBEAF /* Supporting Files */,
			);
			path = results_saver;
			sourceTree = "<group>";
		};
		849D2DBF17E2D126006FBEAF /* Supporting Files */ = {
			isa = PBXGroup;
			children = (
				849D2DC017E2D126006FBEAF /* results_saver-Info.plist */,
				849D2DC117E2D126006FBEAF /* InfoPlist.strings */,
				849D2DC417E2D126006FBEAF /* main.m */,
				849D2DC617E2D126006FBEAF /* results_saver-Prefix.pch */,
			);
			name = "Supporting Files";
			sourceTree = "<group>";
		};
		849D2DDF17E2D127006FBEAF /* results_saverTests */ = {
			isa = PBXGroup;
			children = (
				849D2DE517E2D127006FBEAF /* results_saverTests.h */,
				849D2DE617E2D127006FBEAF /* results_saverTests.m */,
				849D2DE017E2D127006FBEAF /* Supporting Files */,
			);
			path = results_saverTests;
			sourceTree = "<group>";
		};
		849D2DE017E2D127006FBEAF /* Supporting Files */ = {
			isa = PBXGroup;
			children = (
				849D2DE117E2D127006FBEAF /* results_saverTests-Info.plist */,
				849D2DE217E2D127006FBEAF /* InfoPlist.strings */,
			);
			name = "Supporting Files";
			sourceTree = "<group>";
		};
/* End PBXGroup section */

/* Begin PBXNativeTarget section */
		849D2DB317E2D126006FBEAF /* results_saver */ = {
			isa = PBXNativeTarget;
			buildConfigurationList = 849D2DEA17E2D127006FBEAF /* Build configuration list for PBXNativeTarget "results_saver" */;
			buildPhases = (
				849D2DB017E2D126006FBEAF /* Sources */,
				849D2DB117E2D126006FBEAF /* Frameworks */,
				849D2DB217E2D126006FBEAF /* Resources */,
			);
			buildRules = (
			);
			dependencies = (
			);
			name = results_saver;
			productName = results_saver;
			productReference = 849D2DB417E2D126006FBEAF /* results_saver.app */;
			productType = "com.apple.product-type.application";
		};
		849D2DD717E2D127006FBEAF /* results_saverTests */ = {
			isa = PBXNativeTarget;
			buildConfigurationList = 849D2DED17E2D127006FBEAF /* Build configuration list for PBXNativeTarget "results_saverTests" */;
			buildPhases = (
				849D2DD317E2D127006FBEAF /* Sources */,
				849D2DD417E2D127006FBEAF /* Frameworks */,
				849D2DD517E2D127006FBEAF /* Resources */,
				849D2DD617E2D127006FBEAF /* ShellScript */,
			);
			buildRules = (
			);
			dependencies = (
				849D2DDE17E2D127006FBEAF /* PBXTargetDependency */,
			);
			name = results_saverTests;
			productName = results_saverTests;
			productReference = 849D2DD817E2D127006FBEAF /* results_saverTests.octest */;
			productType = "com.apple.product-type.bundle";
		};
/* End PBXNativeTarget section */

/* Begin PBXProject section */
		849D2DAB17E2D126006FBEAF /* Project object */ = {
			isa = PBXProject;
			attributes = {
				LastUpgradeCheck = 0420;
			};
			buildConfigurationList = 849D2DAE17E2D126006FBEAF /* Build configuration list for PBXProject "results_saver" */;
			compatibilityVersion = "Xcode 3.2";
			developmentRegion = English;
			hasScannedForEncodings = 0;
			knownRegions = (
				en,
			);
			mainGroup = 849D2DA917E2D126006FBEAF;
			productRefGroup = 849D2DB517E2D126006FBEAF /* Products */;
			projectDirPath = "";
			projectRoot = "";
			targets = (
				849D2DB317E2D126006FBEAF /* results_saver */,
				849D2DD717E2D127006FBEAF /* results_saverTests */,
			);
		};
/* End PBXProject section */

/* Begin PBXResourcesBuildPhase section */
		849D2DB217E2D126006FBEAF /* Resources */ = {
			isa = PBXResourcesBuildPhase;
			buildActionMask = 2147483647;
			files = (
				849D2DC317E2D126006FBEAF /* InfoPlist.strings in Resources */,
				849D2DCC17E2D126006FBEAF /* MainStoryboard_iPhone.storyboard in Resources */,
				849D2DCF17E2D126006FBEAF /* MainStoryboard_iPad.storyboard in Resources */,
			);
			runOnlyForDeploymentPostprocessing = 0;
		};
		849D2DD517E2D127006FBEAF /* Resources */ = {
			isa = PBXResourcesBuildPhase;
			buildActionMask = 2147483647;
			files = (
				849D2DE417E2D127006FBEAF /* InfoPlist.strings in Resources */,
			);
			runOnlyForDeploymentPostprocessing = 0;
		};
/* End PBXResourcesBuildPhase section */

/* Begin PBXShellScriptBuildPhase section */
		849D2DD617E2D127006FBEAF /* ShellScript */ = {
			isa = PBXShellScriptBuildPhase;
			buildActionMask = 2147483647;
			files = (
			);
			inputPaths = (
			);
			outputPaths = (
			);
			runOnlyForDeploymentPostprocessing = 0;
			shellPath = /bin/sh;
			shellScript = "# Run the unit tests in this test bundle.\n\"${SYSTEM_DEVELOPER_DIR}/Tools/RunUnitTests\"\n";
		};
/* End PBXShellScriptBuildPhase section */

/* Begin PBXSourcesBuildPhase section */
		849D2DB017E2D126006FBEAF /* Sources */ = {
			isa = PBXSourcesBuildPhase;
			buildActionMask = 2147483647;
			files = (
				849D2DC517E2D126006FBEAF /* main.m in Sources */,
				849D2DC917E2D126006FBEAF /* AppDelegate.m in Sources */,
				849D2DD217E2D126006FBEAF /* ViewController.m in Sources */,
			);
			runOnlyForDeploymentPostprocessing = 0;
		};
		849D2DD317E2D127006FBEAF /* Sources */ = {
			isa = PBXSourcesBuildPhase;
			buildActionMask = 2147483647;
			files = (
				849D2DE717E2D127006FBEAF /* results_saverTests.m in Sources */,
			);
			runOnlyForDeploymentPostprocessing = 0;
		};
/* End PBXSourcesBuildPhase section */

/* Begin PBXTargetDependency section */
		849D2DDE17E2D127006FBEAF /* PBXTargetDependency */ = {
			isa = PBXTargetDependency;
			target = 849D2DB317E2D126006FBEAF /* results_saver */;
			targetProxy = 849D2DDD17E2D127006FBEAF /* PBXContainerItemProxy */;
		};
/* End PBXTargetDependency section */

/* Begin PBXVariantGroup section */
		849D2DC117E2D126006FBEAF /* InfoPlist.strings */ = {
			isa = PBXVariantGroup;
			children = (
				849D2DC217E2D126006FBEAF /* en */,
			);
			name = InfoPlist.strings;
			sourceTree = "<group>";
		};
		849D2DCA17E2D126006FBEAF /* MainStoryboard_iPhone.storyboard */ = {
			isa = PBXVariantGroup;
			children = (
				849D2DCB17E2D126006FBEAF /* en */,
			);
			name = MainStoryboard_iPhone.storyboard;
			sourceTree = "<group>";
		};
		849D2DCD17E2D126006FBEAF /* MainStoryboard_iPad.storyboard */ = {
			isa = PBXVariantGroup;
			children = (
				849D2DCE17E2D126006FBEAF /* en */,
			);
			name = MainStoryboard_iPad.storyboard;
			sourceTree = "<group>";
		};
		849D2DE217E2D127006FBEAF /* InfoPlist.strings */ = {
			isa = PBXVariantGroup;
			children = (
				849D2DE317E2D127006FBEAF /* en */,
			);
			name = InfoPlist.strings;
			sourceTree = "<group>";
		};
/* End PBXVariantGroup section */

/* Begin XCBuildConfiguration section */
		849D2DE817E2D127006FBEAF /* Debug */ = {
			isa = XCBuildConfiguration;
			buildSettings = {
				ALWAYS_SEARCH_USER_PATHS = NO;
				ARCHS = "$(ARCHS_STANDARD_32_BIT)";
				CLANG_ENABLE_OBJC_ARC = YES;
				"CODE_SIGN_IDENTITY[sdk=iphoneos*]" = "iPhone Developer";
				COPY_PHASE_STRIP = NO;
				GCC_C_LANGUAGE_STANDARD = gnu99;
				GCC_DYNAMIC_NO_PIC = NO;
				GCC_OPTIMIZATION_LEVEL = 0;
				GCC_PREPROCESSOR_DEFINITIONS = (
					"DEBUG=1",
					"$(inherited)",
				);
				GCC_SYMBOLS_PRIVATE_EXTERN = NO;
				GCC_VERSION = com.apple.compilers.llvm.clang.1_0;
				GCC_WARN_ABOUT_MISSING_PROTOTYPES = YES;
				GCC_WARN_ABOUT_RETURN_TYPE = YES;
				GCC_WARN_UNUSED_VARIABLE = YES;
				IPHONEOS_DEPLOYMENT_TARGET = 5.0;
				SDKROOT = iphoneos;
				TARGETED_DEVICE_FAMILY = "1,2";
			};
			name = Debug;
		};
		849D2DE917E2D127006FBEAF /* Release */ = {
			isa = XCBuildConfiguration;
			buildSettings = {
				ALWAYS_SEARCH_USER_PATHS = NO;
				ARCHS = "$(ARCHS_STANDARD_32_BIT)";
				CLANG_ENABLE_OBJC_ARC = YES;
				"CODE_SIGN_IDENTITY[sdk=iphoneos*]" = "iPhone Developer";
				COPY_PHASE_STRIP = YES;
				GCC_C_LANGUAGE_STANDARD = gnu99;
				GCC_VERSION = com.apple.compilers.llvm.clang.1_0;
				GCC_WARN_ABOUT_MISSING_PROTOTYPES = YES;
				GCC_WARN_ABOUT_RETURN_TYPE = YES;
				GCC_WARN_UNUSED_VARIABLE = YES;
				IPHONEOS_DEPLOYMENT_TARGET = 5.0;
				OTHER_CFLAGS = "-DNS_BLOCK_ASSERTIONS=1";
				SDKROOT = iphoneos;
				TARGETED_DEVICE_FAMILY = "1,2";
				VALIDATE_PRODUCT = YES;
			};
			name = Release;
		};
		849D2DEB17E2D127006FBEAF /* Debug */ = {
			isa = XCBuildConfiguration;
			buildSettings = {
				GCC_PRECOMPILE_PREFIX_HEADER = YES;
				GCC_PREFIX_HEADER = "results_saver/results_saver-Prefix.pch";
				INFOPLIST_FILE = "results_saver/results_saver-Info.plist";
				PRODUCT_NAME = "$(TARGET_NAME)";
				WRAPPER_EXTENSION = app;
			};
			name = Debug;
		};
		849D2DEC17E2D127006FBEAF /* Release */ = {
			isa = XCBuildConfiguration;
			buildSettings = {
				GCC_PRECOMPILE_PREFIX_HEADER = YES;
				GCC_PREFIX_HEADER = "results_saver/results_saver-Prefix.pch";
				INFOPLIST_FILE = "results_saver/results_saver-Info.plist";
				PRODUCT_NAME = "$(TARGET_NAME)";
				WRAPPER_EXTENSION = app;
			};
			name = Release;
		};
		849D2DEE17E2D127006FBEAF /* Debug */ = {
			isa = XCBuildConfiguration;
			buildSettings = {
				BUNDLE_LOADER = "$(BUILT_PRODUCTS_DIR)/results_saver.app/results_saver";
				FRAMEWORK_SEARCH_PATHS = (
					"$(SDKROOT)/Developer/Library/Frameworks",
					"$(DEVELOPER_LIBRARY_DIR)/Frameworks",
				);
				GCC_PRECOMPILE_PREFIX_HEADER = YES;
				GCC_PREFIX_HEADER = "results_saver/results_saver-Prefix.pch";
				INFOPLIST_FILE = "results_saverTests/results_saverTests-Info.plist";
				PRODUCT_NAME = "$(TARGET_NAME)";
				TEST_HOST = "$(BUNDLE_LOADER)";
				WRAPPER_EXTENSION = octest;
			};
			name = Debug;
		};
		849D2DEF17E2D127006FBEAF /* Release */ = {
			isa = XCBuildConfiguration;
			buildSettings = {
				BUNDLE_LOADER = "$(BUILT_PRODUCTS_DIR)/results_saver.app/results_saver";
				FRAMEWORK_SEARCH_PATHS = (
					"$(SDKROOT)/Developer/Library/Frameworks",
					"$(DEVELOPER_LIBRARY_DIR)/Frameworks",
				);
				GCC_PRECOMPILE_PREFIX_HEADER = YES;
				GCC_PREFIX_HEADER = "results_saver/results_saver-Prefix.pch";
				INFOPLIST_FILE = "results_saverTests/results_saverTests-Info.plist";
				PRODUCT_NAME = "$(TARGET_NAME)";
				TEST_HOST = "$(BUNDLE_LOADER)";
				WRAPPER_EXTENSION = octest;
			};
			name = Release;
		};
/* End XCBuildConfiguration section */

/* Begin XCConfigurationList section */
		849D2DAE17E2D126006FBEAF /* Build configuration list for PBXProject "results_saver" */ = {
			isa = XCConfigurationList;
			buildConfigurations = (
				849D2DE817E2D127006FBEAF /* Debug */,
				849D2DE917E2D127006FBEAF /* Release */,
			);
			defaultConfigurationIsVisible = 0;
			defaultConfigurationName = Release;
		};
		849D2DEA17E2D127006FBEAF /* Build configuration list for PBXNativeTarget "results_saver" */ = {
			isa = XCConfigurationList;
			buildConfigurations = (
				849D2DEB17E2D127006FBEAF /* Debug */,
				849D2DEC17E2D127006FBEAF /* Release */,
			);
			defaultConfigurationIsVisible = 0;
		};
		849D2DED17E2D127006FBEAF /* Build configuration list for PBXNativeTarget "results_saverTests" */ = {
			isa = XCConfigurationList;
			buildConfigurations = (
				849D2DEE17E2D127006FBEAF /* Debug */,
				849D2DEF17E2D127006FBEAF /* Release */,
			);
			defaultConfigurationIsVisible = 0;
		};
/* End XCConfigurationList section */
	};
	rootObject = 849D2DAB17E2D126006FBEAF /* Project object */;
}
